
Microsoft Visual Studio Solution File, Format Version 12.00
# Visual Studio Version 16
VisualStudioVersion = 16.0.30804.86
MinimumVisualStudioVersion = 10.0.40219.1
Project("{FAE04EC0-301F-11D3-BF4B-00C04F79EFBC}") = "Uri 1005", "Uri 1005\Uri 1005.csproj", "{8F03AA5A-2DCE-43C5-B00B-DB5C0BA3C617}"
EndProject
Global
	GlobalSection(SolutionConfigurationPlatforms) = preSolution
		Debug|Any CPU = Debug|Any CPU
		Release|Any CPU = Release|Any CPU
	EndGlobalSection
	GlobalSection(ProjectConfigurationPlatforms) = postSolution
		{8F03AA5A-2DCE-43C5-B00B-DB5C0BA3C617}.Debug|Any CPU.ActiveCfg = Debug|Any CPU
		{8F03AA5A-2DCE-43C5-B00B-DB5C0BA3C617}.Debug|Any CPU.Build.0 = Debug|Any CPU
		{8F03AA5A-2DCE-43C5-B00B-DB5C0BA3C617}.Release|Any CPU.ActiveCfg = Release|Any CPU
		{8F03AA5A-2DCE-43C5-B00B-DB5C0BA3C617}.Release|Any CPU.Build.0 = Release|Any CPU
	EndGlobalSection
	GlobalSection(SolutionProperties) = preSolution
		HideSolutionNode = FALSE
	EndGlobalSection
	GlobalSection(ExtensibilityGlobals) = postSolution
		SolutionGuid = {55A6F21B-9631-483C-ACF0-DA9578B3607A}
	EndGlobalSection
EndGlobal
